
Microsoft Visual Studio Solution File, Format Version 12.00
# Visual Studio Version 17
VisualStudioVersion = 17.3.32804.467
MinimumVisualStudioVersion = 10.0.40219.1
Project("{8BC9CEB8-8B4A-11D0-8D11-00A0C91BC942}") = "SZACHY", "SZACHY.vcxproj", "{2304CBFF-70E9-44B8-AB4C-5B62F349DFF2}"
EndProject
Global
	GlobalSection(SolutionConfigurationPlatforms) = preSolution
		Debug|x64 = Debug|x64
		Debug|x86 = Debug|x86
		Release|x64 = Release|x64
		Release|x86 = Release|x86
	EndGlobalSection
	GlobalSection(ProjectConfigurationPlatforms) = postSolution
		{2304CBFF-70E9-44B8-AB4C-5B62F349DFF2}.Debug|x64.ActiveCfg = Debug|x64
		{2304CBFF-70E9-44B8-AB4C-5B62F349DFF2}.Debug|x64.Build.0 = Debug|x64
		{2304CBFF-70E9-44B8-AB4C-5B62F349DFF2}.Debug|x86.ActiveCfg = Debug|Win32
		{2304CBFF-70E9-44B8-AB4C-5B62F349DFF2}.Debug|x86.Build.0 = Debug|Win32
		{2304CBFF-70E9-44B8-AB4C-5B62F349DFF2}.Release|x64.ActiveCfg = Release|x64
		{2304CBFF-70E9-44B8-AB4C-5B62F349DFF2}.Release|x64.Build.0 = Release|x64
		{2304CBFF-70E9-44B8-AB4C-5B62F349DFF2}.Release|x86.ActiveCfg = Release|Win32
		{2304CBFF-70E9-44B8-AB4C-5B62F349DFF2}.Release|x86.Build.0 = Release|Win32
	EndGlobalSection
	GlobalSection(SolutionProperties) = preSolution
		HideSolutionNode = FALSE
	EndGlobalSection
	GlobalSection(ExtensibilityGlobals) = postSolution
		SolutionGuid = {19D3AA4B-92EE-46C6-A55B-BE30DEE67DF2}
	EndGlobalSection
EndGlobal
